// !$*UTF8*$!
{
	archiveVersion = 1;
	classes = {
	};
	objectVersion = 55;
	objects = {

/* Begin PBXBuildFile section */
		5751362F280CB1A6003A1F68 /* AppDelegate.swift in Sources */ = {isa = PBXBuildFile; fileRef = 5751362E280CB1A6003A1F68 /* AppDelegate.swift */; };
		57513631280CB1A6003A1F68 /* SceneDelegate.swift in Sources */ = {isa = PBXBuildFile; fileRef = 57513630280CB1A6003A1F68 /* SceneDelegate.swift */; };
		57513633280CB1A6003A1F68 /* TicTacToeViewController.swift in Sources */ = {isa = PBXBuildFile; fileRef = 57513632280CB1A6003A1F68 /* TicTacToeViewController.swift */; };
		57513638280CB1A7003A1F68 /* Assets.xcassets in Resources */ = {isa = PBXBuildFile; fileRef = 57513637280CB1A7003A1F68 /* Assets.xcassets */; };
		5751363B280CB1A7003A1F68 /* LaunchScreen.storyboard in Resources */ = {isa = PBXBuildFile; fileRef = 57513639280CB1A7003A1F68 /* LaunchScreen.storyboard */; };
		57513647280CB851003A1F68 /* TinyConstraints in Frameworks */ = {isa = PBXBuildFile; productRef = 57513646280CB851003A1F68 /* TinyConstraints */; };
		579FD0EB280CBAAA00C69A6E /* Colors.swift in Sources */ = {isa = PBXBuildFile; fileRef = 579FD0EA280CBAAA00C69A6E /* Colors.swift */; };
		579FD0ED280CBAD500C69A6E /* GameRole.swift in Sources */ = {isa = PBXBuildFile; fileRef = 579FD0EC280CBAD500C69A6E /* GameRole.swift */; };
		579FD0EF280CBAF400C69A6E /* PlayGround.swift in Sources */ = {isa = PBXBuildFile; fileRef = 579FD0EE280CBAF400C69A6E /* PlayGround.swift */; };
		579FD0F1280CBB2F00C69A6E /* TicTacToeView.swift in Sources */ = {isa = PBXBuildFile; fileRef = 579FD0F0280CBB2F00C69A6E /* TicTacToeView.swift */; };
/* End PBXBuildFile section */

/* Begin PBXFileReference section */
		5751362B280CB1A6003A1F68 /* TicTacToe.app */ = {isa = PBXFileReference; explicitFileType = wrapper.application; includeInIndex = 0; path = TicTacToe.app; sourceTree = BUILT_PRODUCTS_DIR; };
		5751362E280CB1A6003A1F68 /* AppDelegate.swift */ = {isa = PBXFileReference; lastKnownFileType = sourcecode.swift; path = AppDelegate.swift; sourceTree = "<group>"; };
		57513630280CB1A6003A1F68 /* SceneDelegate.swift */ = {isa = PBXFileReference; lastKnownFileType = sourcecode.swift; path = SceneDelegate.swift; sourceTree = "<group>"; };
		57513632280CB1A6003A1F68 /* TicTacToeViewController.swift */ = {isa = PBXFileReference; lastKnownFileType = sourcecode.swift; path = TicTacToeViewController.swift; sourceTree = "<group>"; };
		57513637280CB1A7003A1F68 /* Assets.xcassets */ = {isa = PBXFileReference; lastKnownFileType = folder.assetcatalog; path = Assets.xcassets; sourceTree = "<group>"; };
		5751363A280CB1A7003A1F68 /* Base */ = {isa = PBXFileReference; lastKnownFileType = file.storyboard; name = Base; path = Base.lproj/LaunchScreen.storyboard; sourceTree = "<group>"; };
		5751363C280CB1A7003A1F68 /* Info.plist */ = {isa = PBXFileReference; lastKnownFileType = text.plist.xml; path = Info.plist; sourceTree = "<group>"; };
		579FD0EA280CBAAA00C69A6E /* Colors.swift */ = {isa = PBXFileReference; lastKnownFileType = sourcecode.swift; path = Colors.swift; sourceTree = "<group>"; };
		579FD0EC280CBAD500C69A6E /* GameRole.swift */ = {isa = PBXFileReference; lastKnownFileType = sourcecode.swift; path = GameRole.swift; sourceTree = "<group>"; };
		579FD0EE280CBAF400C69A6E /* PlayGround.swift */ = {isa = PBXFileReference; lastKnownFileType = sourcecode.swift; path = PlayGround.swift; sourceTree = "<group>"; };
		579FD0F0280CBB2F00C69A6E /* TicTacToeView.swift */ = {isa = PBXFileReference; lastKnownFileType = sourcecode.swift; path = TicTacToeView.swift; sourceTree = "<group>"; };
/* End PBXFileReference section */

/* Begin PBXFrameworksBuildPhase section */
		57513628280CB1A6003A1F68 /* Frameworks */ = {
			isa = PBXFrameworksBuildPhase;
			buildActionMask = 2147483647;
			files = (
				57513647280CB851003A1F68 /* TinyConstraints in Frameworks */,
			);
			runOnlyForDeploymentPostprocessing = 0;
		};
/* End PBXFrameworksBuildPhase section */

/* Begin PBXGroup section */
		57513622280CB1A6003A1F68 = {
			isa = PBXGroup;
			children = (
				5751362D280CB1A6003A1F68 /* TicTacToe */,
				5751362C280CB1A6003A1F68 /* Products */,
			);
			sourceTree = "<group>";
		};
		5751362C280CB1A6003A1F68 /* Products */ = {
			isa = PBXGroup;
			children = (
				5751362B280CB1A6003A1F68 /* TicTacToe.app */,
			);
			name = Products;
			sourceTree = "<group>";
		};
		5751362D280CB1A6003A1F68 /* TicTacToe */ = {
			isa = PBXGroup;
			children = (
				57513642280CB1E3003A1F68 /* AppDelegate */,
				57513643280CB2BB003A1F68 /* Controllers */,
				579FD0E9280CB9B800C69A6E /* Models */,
				57513644280CB36A003A1F68 /* Resources */,
				579FD0E8280CB9A100C69A6E /* Views */,
				57513639280CB1A7003A1F68 /* LaunchScreen.storyboard */,
			);
			path = TicTacToe;
			sourceTree = "<group>";
		};
		57513642280CB1E3003A1F68 /* AppDelegate */ = {
			isa = PBXGroup;
			children = (
				5751362E280CB1A6003A1F68 /* AppDelegate.swift */,
				57513630280CB1A6003A1F68 /* SceneDelegate.swift */,
			);
			path = AppDelegate;
			sourceTree = "<group>";
		};
		57513643280CB2BB003A1F68 /* Controllers */ = {
			isa = PBXGroup;
			children = (
				57513632280CB1A6003A1F68 /* TicTacToeViewController.swift */,
			);
			path = Controllers;
			sourceTree = "<group>";
		};
		57513644280CB36A003A1F68 /* Resources */ = {
			isa = PBXGroup;
			children = (
				57513637280CB1A7003A1F68 /* Assets.xcassets */,
				5751363C280CB1A7003A1F68 /* Info.plist */,
			);
			path = Resources;
			sourceTree = "<group>";
		};
		579FD0E8280CB9A100C69A6E /* Views */ = {
			isa = PBXGroup;
			children = (
				579FD0F0280CBB2F00C69A6E /* TicTacToeView.swift */,
			);
			path = Views;
			sourceTree = "<group>";
		};
		579FD0E9280CB9B800C69A6E /* Models */ = {
			isa = PBXGroup;
			children = (
				579FD0EA280CBAAA00C69A6E /* Colors.swift */,
				579FD0EC280CBAD500C69A6E /* GameRole.swift */,
				579FD0EE280CBAF400C69A6E /* PlayGround.swift */,
			);
			path = Models;
			sourceTree = "<group>";
		};
/* End PBXGroup section */

/* Begin PBXNativeTarget section */
		5751362A280CB1A6003A1F68 /* TicTacToe */ = {
			isa = PBXNativeTarget;
			buildConfigurationList = 5751363F280CB1A7003A1F68 /* Build configuration list for PBXNativeTarget "TicTacToe" */;
			buildPhases = (
				57513627280CB1A6003A1F68 /* Sources */,
				57513628280CB1A6003A1F68 /* Frameworks */,
				57513629280CB1A6003A1F68 /* Resources */,
			);
			buildRules = (
			);
			dependencies = (
			);
			name = TicTacToe;
			packageProductDependencies = (
				57513646280CB851003A1F68 /* TinyConstraints */,
			);
			productName = TicTacToe;
			productReference = 5751362B280CB1A6003A1F68 /* TicTacToe.app */;
			productType = "com.apple.product-type.application";
		};
/* End PBXNativeTarget section */

/* Begin PBXProject section */
		57513623280CB1A6003A1F68 /* Project object */ = {
			isa = PBXProject;
			attributes = {
				BuildIndependentTargetsInParallel = 1;
				LastSwiftUpdateCheck = 1330;
				LastUpgradeCheck = 1330;
				TargetAttributes = {
					5751362A280CB1A6003A1F68 = {
						CreatedOnToolsVersion = 13.3.1;
					};
				};
			};
			buildConfigurationList = 57513626280CB1A6003A1F68 /* Build configuration list for PBXProject "TicTacToe" */;
			compatibilityVersion = "Xcode 13.0";
			developmentRegion = en;
			hasScannedForEncodings = 0;
			knownRegions = (
				en,
				Base,
			);
			mainGroup = 57513622280CB1A6003A1F68;
			packageReferences = (
				57513645280CB851003A1F68 /* XCRemoteSwiftPackageReference "TinyConstraints" */,
			);
			productRefGroup = 5751362C280CB1A6003A1F68 /* Products */;
			projectDirPath = "";
			projectRoot = "";
			targets = (
				5751362A280CB1A6003A1F68 /* TicTacToe */,
			);
		};
/* End PBXProject section */

/* Begin PBXResourcesBuildPhase section */
		57513629280CB1A6003A1F68 /* Resources */ = {
			isa = PBXResourcesBuildPhase;
			buildActionMask = 2147483647;
			files = (
				5751363B280CB1A7003A1F68 /* LaunchScreen.storyboard in Resources */,
				57513638280CB1A7003A1F68 /* Assets.xcassets in Resources */,
			);
			runOnlyForDeploymentPostprocessing = 0;
		};
/* End PBXResourcesBuildPhase section */

/* Begin PBXSourcesBuildPhase section */
		57513627280CB1A6003A1F68 /* Sources */ = {
			isa = PBXSourcesBuildPhase;
			buildActionMask = 2147483647;
			files = (
				579FD0F1280CBB2F00C69A6E /* TicTacToeView.swift in Sources */,
				579FD0EF280CBAF400C69A6E /* PlayGround.swift in Sources */,
				57513633280CB1A6003A1F68 /* TicTacToeViewController.swift in Sources */,
				579FD0EB280CBAAA00C69A6E /* Colors.swift in Sources */,
				5751362F280CB1A6003A1F68 /* AppDelegate.swift in Sources */,
				57513631280CB1A6003A1F68 /* SceneDelegate.swift in Sources */,
				579FD0ED280CBAD500C69A6E /* GameRole.swift in Sources */,
			);
			runOnlyForDeploymentPostprocessing = 0;
		};
/* End PBXSourcesBuildPhase section */

/* Begin PBXVariantGroup section */
		57513639280CB1A7003A1F68 /* LaunchScreen.storyboard */ = {
			isa = PBXVariantGroup;
			children = (
				5751363A280CB1A7003A1F68 /* Base */,
			);
			name = LaunchScreen.storyboard;
			sourceTree = "<group>";
		};
/* End PBXVariantGroup section */

/* Begin XCBuildConfiguration section */
		5751363D280CB1A7003A1F68 /* Debug */ = {
			isa = XCBuildConfiguration;
			buildSettings = {
				ALWAYS_SEARCH_USER_PATHS = NO;
				CLANG_ANALYZER_NONNULL = YES;
				CLANG_ANALYZER_NUMBER_OBJECT_CONVERSION = YES_AGGRESSIVE;
				CLANG_CXX_LANGUAGE_STANDARD = "gnu++17";
				CLANG_ENABLE_MODULES = YES;
				CLANG_ENABLE_OBJC_ARC = YES;
				CLANG_ENABLE_OBJC_WEAK = YES;
				CLANG_WARN_BLOCK_CAPTURE_AUTORELEASING = YES;
				CLANG_WARN_BOOL_CONVERSION = YES;
				CLANG_WARN_COMMA = YES;
				CLANG_WARN_CONSTANT_CONVERSION = YES;
				CLANG_WARN_DEPRECATED_OBJC_IMPLEMENTATIONS = YES;
				CLANG_WARN_DIRECT_OBJC_ISA_USAGE = YES_ERROR;
				CLANG_WARN_DOCUMENTATION_COMMENTS = YES;
				CLANG_WARN_EMPTY_BODY = YES;
				CLANG_WARN_ENUM_CONVERSION = YES;
				CLANG_WARN_INFINITE_RECURSION = YES;
				CLANG_WARN_INT_CONVERSION = YES;
				CLANG_WARN_NON_LITERAL_NULL_CONVERSION = YES;
				CLANG_WARN_OBJC_IMPLICIT_RETAIN_SELF = YES;
				CLANG_WARN_OBJC_LITERAL_CONVERSION = YES;
				CLANG_WARN_OBJC_ROOT_CLASS = YES_ERROR;
				CLANG_WARN_QUOTED_INCLUDE_IN_FRAMEWORK_HEADER = YES;
				CLANG_WARN_RANGE_LOOP_ANALYSIS = YES;
				CLANG_WARN_STRICT_PROTOTYPES = YES;
				CLANG_WARN_SUSPICIOUS_MOVE = YES;
				CLANG_WARN_UNGUARDED_AVAILABILITY = YES_AGGRESSIVE;
				CLANG_WARN_UNREACHABLE_CODE = YES;
				CLANG_WARN__DUPLICATE_METHOD_MATCH = YES;
				COPY_PHASE_STRIP = NO;
				DEBUG_INFORMATION_FORMAT = dwarf;
				ENABLE_STRICT_OBJC_MSGSEND = YES;
				ENABLE_TESTABILITY = YES;
				GCC_C_LANGUAGE_STANDARD = gnu11;
				GCC_DYNAMIC_NO_PIC = NO;
				GCC_NO_COMMON_BLOCKS = YES;
				GCC_OPTIMIZATION_LEVEL = 0;
				GCC_PREPROCESSOR_DEFINITIONS = (
					"DEBUG=1",
					"$(inherited)",
				);
				GCC_WARN_64_TO_32_BIT_CONVERSION = YES;
				GCC_WARN_ABOUT_RETURN_TYPE = YES_ERROR;
				GCC_WARN_UNDECLARED_SELECTOR = YES;
				GCC_WARN_UNINITIALIZED_AUTOS = YES_AGGRESSIVE;
				GCC_WARN_UNUSED_FUNCTION = YES;
				GCC_WARN_UNUSED_VARIABLE = YES;
				IPHONEOS_DEPLOYMENT_TARGET = 15.4;
				MTL_ENABLE_DEBUG_INFO = INCLUDE_SOURCE;
				MTL_FAST_MATH = YES;
				ONLY_ACTIVE_ARCH = YES;
				SDKROOT = iphoneos;
				SWIFT_ACTIVE_COMPILATION_CONDITIONS = DEBUG;
				SWIFT_OPTIMIZATION_LEVEL = "-Onone";
			};
			name = Debug;
		};
		5751363E280CB1A7003A1F68 /* Release */ = {
			isa = XCBuildConfiguration;
			buildSettings = {
				ALWAYS_SEARCH_USER_PATHS = NO;
				CLANG_ANALYZER_NONNULL = YES;
				CLANG_ANALYZER_NUMBER_OBJECT_CONVERSION = YES_AGGRESSIVE;
				CLANG_CXX_LANGUAGE_STANDARD = "gnu++17";
				CLANG_ENABLE_MODULES = YES;
				CLANG_ENABLE_OBJC_ARC = YES;
				CLANG_ENABLE_OBJC_WEAK = YES;
				CLANG_WARN_BLOCK_CAPTURE_AUTORELEASING = YES;
				CLANG_WARN_BOOL_CONVERSION = YES;
				CLANG_WARN_COMMA = YES;
				CLANG_WARN_CONSTANT_CONVERSION = YES;
				CLANG_WARN_DEPRECATED_OBJC_IMPLEMENTATIONS = YES;
				CLANG_WARN_DIRECT_OBJC_ISA_USAGE = YES_ERROR;
				CLANG_WARN_DOCUMENTATION_COMMENTS = YES;
				CLANG_WARN_EMPTY_BODY = YES;
				CLANG_WARN_ENUM_CONVERSION = YES;
				CLANG_WARN_INFINITE_RECURSION = YES;
				CLANG_WARN_INT_CONVERSION = YES;
				CLANG_WARN_NON_LITERAL_NULL_CONVERSION = YES;
				CLANG_WARN_OBJC_IMPLICIT_RETAIN_SELF = YES;
				CLANG_WARN_OBJC_LITERAL_CONVERSION = YES;
				CLANG_WARN_OBJC_ROOT_CLASS = YES_ERROR;
				CLANG_WARN_QUOTED_INCLUDE_IN_FRAMEWORK_HEADER = YES;
				CLANG_WARN_RANGE_LOOP_ANALYSIS = YES;
				CLANG_WARN_STRICT_PROTOTYPES = YES;
				CLANG_WARN_SUSPICIOUS_MOVE = YES;
				CLANG_WARN_UNGUARDED_AVAILABILITY = YES_AGGRESSIVE;
				CLANG_WARN_UNREACHABLE_CODE = YES;
				CLANG_WARN__DUPLICATE_METHOD_MATCH = YES;
				COPY_PHASE_STRIP = NO;
				DEBUG_INFORMATION_FORMAT = "dwarf-with-dsym";
				ENABLE_NS_ASSERTIONS = NO;
				ENABLE_STRICT_OBJC_MSGSEND = YES;
				GCC_C_LANGUAGE_STANDARD = gnu11;
				GCC_NO_COMMON_BLOCKS = YES;
				GCC_WARN_64_TO_32_BIT_CONVERSION = YES;
				GCC_WARN_ABOUT_RETURN_TYPE = YES_ERROR;
				GCC_WARN_UNDECLARED_SELECTOR = YES;
				GCC_WARN_UNINITIALIZED_AUTOS = YES_AGGRESSIVE;
				GCC_WARN_UNUSED_FUNCTION = YES;
				GCC_WARN_UNUSED_VARIABLE = YES;
				IPHONEOS_DEPLOYMENT_TARGET = 15.4;
				MTL_ENABLE_DEBUG_INFO = NO;
				MTL_FAST_MATH = YES;
				SDKROOT = iphoneos;
				SWIFT_COMPILATION_MODE = wholemodule;
				SWIFT_OPTIMIZATION_LEVEL = "-O";
				VALIDATE_PRODUCT = YES;
			};
			name = Release;
		};
		57513640280CB1A7003A1F68 /* Debug */ = {
			isa = XCBuildConfiguration;
			buildSettings = {
				ASSETCATALOG_COMPILER_APPICON_NAME = AppIcon;
				ASSETCATALOG_COMPILER_GLOBAL_ACCENT_COLOR_NAME = AccentColor;
				CODE_SIGN_STYLE = Automatic;
				CURRENT_PROJECT_VERSION = 1;
				DEVELOPMENT_TEAM = DG6XTXB3C9;
				GENERATE_INFOPLIST_FILE = YES;
				INFOPLIST_FILE = TicTacToe/Resources/Info.plist;
				INFOPLIST_KEY_UIApplicationSupportsIndirectInputEvents = YES;
				INFOPLIST_KEY_UILaunchStoryboardName = LaunchScreen;
				INFOPLIST_KEY_UISupportedInterfaceOrientations = UIInterfaceOrientationPortrait;
				INFOPLIST_KEY_UISupportedInterfaceOrientations_iPad = "UIInterfaceOrientationPortrait UIInterfaceOrientationPortraitUpsideDown UIInterfaceOrientationLandscapeLeft UIInterfaceOrientationLandscapeRight";
				INFOPLIST_KEY_UISupportedInterfaceOrientations_iPhone = "UIInterfaceOrientationPortrait UIInterfaceOrientationLandscapeLeft UIInterfaceOrientationLandscapeRight";
				LD_RUNPATH_SEARCH_PATHS = (
					"$(inherited)",
					"@executable_path/Frameworks",
				);
				MARKETING_VERSION = 1.0;
				PRODUCT_BUNDLE_IDENTIFIER = com.kudesnik.TicTacToe;
				PRODUCT_NAME = "$(TARGET_NAME)";
				SWIFT_EMIT_LOC_STRINGS = YES;
				SWIFT_VERSION = 5.0;
				TARGETED_DEVICE_FAMILY = 1;
			};
			name = Debug;
		};
		57513641280CB1A7003A1F68 /* Release */ = {
			isa = XCBuildConfiguration;
			buildSettings = {
				ASSETCATALOG_COMPILER_APPICON_NAME = AppIcon;
				ASSETCATALOG_COMPILER_GLOBAL_ACCENT_COLOR_NAME = AccentColor;
				CODE_SIGN_STYLE = Automatic;
				CURRENT_PROJECT_VERSION = 1;
				DEVELOPMENT_TEAM = DG6XTXB3C9;
				GENERATE_INFOPLIST_FILE = YES;
				INFOPLIST_FILE = TicTacToe/Resources/Info.plist;
				INFOPLIST_KEY_UIApplicationSupportsIndirectInputEvents = YES;
				INFOPLIST_KEY_UILaunchStoryboardName = LaunchScreen;
				INFOPLIST_KEY_UISupportedInterfaceOrientations = UIInterfaceOrientationPortrait;
				INFOPLIST_KEY_UISupportedInterfaceOrientations_iPad = "UIInterfaceOrientationPortrait UIInterfaceOrientationPortraitUpsideDown UIInterfaceOrientationLandscapeLeft UIInterfaceOrientationLandscapeRight";
				INFOPLIST_KEY_UISupportedInterfaceOrientations_iPhone = "UIInterfaceOrientationPortrait UIInterfaceOrientationLandscapeLeft UIInterfaceOrientationLandscapeRight";
				LD_RUNPATH_SEARCH_PATHS = (
					"$(inherited)",
					"@executable_path/Frameworks",
				);
				MARKETING_VERSION = 1.0;
				PRODUCT_BUNDLE_IDENTIFIER = com.kudesnik.TicTacToe;
				PRODUCT_NAME = "$(TARGET_NAME)";
				SWIFT_EMIT_LOC_STRINGS = YES;
				SWIFT_VERSION = 5.0;
				TARGETED_DEVICE_FAMILY = 1;
			};
			name = Release;
		};
/* End XCBuildConfiguration section */

/* Begin XCConfigurationList section */
		57513626280CB1A6003A1F68 /* Build configuration list for PBXProject "TicTacToe" */ = {
			isa = XCConfigurationList;
			buildConfigurations = (
				5751363D280CB1A7003A1F68 /* Debug */,
				5751363E280CB1A7003A1F68 /* Release */,
			);
			defaultConfigurationIsVisible = 0;
			defaultConfigurationName = Release;
		};
		5751363F280CB1A7003A1F68 /* Build configuration list for PBXNativeTarget "TicTacToe" */ = {
			isa = XCConfigurationList;
			buildConfigurations = (
				57513640280CB1A7003A1F68 /* Debug */,
				57513641280CB1A7003A1F68 /* Release */,
			);
			defaultConfigurationIsVisible = 0;
			defaultConfigurationName = Release;
		};
/* End XCConfigurationList section */

/* Begin XCRemoteSwiftPackageReference section */
		57513645280CB851003A1F68 /* XCRemoteSwiftPackageReference "TinyConstraints" */ = {
			isa = XCRemoteSwiftPackageReference;
			repositoryURL = "https://github.com/roberthein/TinyConstraints";
			requirement = {
				kind = upToNextMajorVersion;
				minimumVersion = 4.0.0;
			};
		};
/* End XCRemoteSwiftPackageReference section */

/* Begin XCSwiftPackageProductDependency section */
		57513646280CB851003A1F68 /* TinyConstraints */ = {
			isa = XCSwiftPackageProductDependency;
			package = 57513645280CB851003A1F68 /* XCRemoteSwiftPackageReference "TinyConstraints" */;
			productName = TinyConstraints;
		};
/* End XCSwiftPackageProductDependency section */
	};
	rootObject = 57513623280CB1A6003A1F68 /* Project object */;
}
